{
  "name": "market_p",
  "lockfileVersion": 3,
  "requires": true,
  "packages": {
    "": {
      "dependencies": {
        "@paralleldrive/cuid2": "^2.2.2",
        "zod": "^3.23.8"
      },
      "devDependencies": {
        "@biomejs/biome": "1.9.2"
      }
    },
    "node_modules/@biomejs/biome": {
      "version": "1.9.2",
      "resolved": "https://registry.npmjs.org/@biomejs/biome/-/biome-1.9.2.tgz",
      "integrity": "sha512-4j2Gfwft8Jqp1X0qLYvK4TEy4xhTo4o6rlvJPsjPeEame8gsmbGQfOPBkw7ur+7/Z/f0HZmCZKqbMvR7vTXQYQ==",
      "dev": true,
      "hasInstallScript": true,
      "license": "MIT OR Apache-2.0",
      "bin": {
        "biome": "bin/biome"
      },
      "engines": {
        "node": ">=14.21.3"
      },
      "funding": {
        "type": "opencollective",
        "url": "https://opencollective.com/biome"
      },
      "optionalDependencies": {
        "@biomejs/cli-darwin-arm64": "1.9.2",
        "@biomejs/cli-darwin-x64": "1.9.2",
        "@biomejs/cli-linux-arm64": "1.9.2",
        "@biomejs/cli-linux-arm64-musl": "1.9.2",
        "@biomejs/cli-linux-x64": "1.9.2",
        "@biomejs/cli-linux-x64-musl": "1.9.2",
        "@biomejs/cli-win32-arm64": "1.9.2",
        "@biomejs/cli-win32-x64": "1.9.2"
      }
    },
    "node_modules/@biomejs/cli-darwin-arm64": {
      "version": "1.9.2",
      "resolved": "https://registry.npmjs.org/@biomejs/cli-darwin-arm64/-/cli-darwin-arm64-1.9.2.tgz",
      "integrity": "sha512-rbs9uJHFmhqB3Td0Ro+1wmeZOHhAPTL3WHr8NtaVczUmDhXkRDWScaxicG9+vhSLj1iLrW47itiK6xiIJy6vaA==",
      "cpu": [
        "arm64"
      ],
      "dev": true,
      "license": "MIT OR Apache-2.0",
      "optional": true,
      "os": [
        "darwin"
      ],
      "engines": {
        "node": ">=14.21.3"
      }
    },
    "node_modules/@biomejs/cli-darwin-x64": {
      "version": "1.9.2",
      "resolved": "https://registry.npmjs.org/@biomejs/cli-darwin-x64/-/cli-darwin-x64-1.9.2.tgz",
      "integrity": "sha512-BlfULKijNaMigQ9GH9fqJVt+3JTDOSiZeWOQtG/1S1sa8Lp046JHG3wRJVOvekTPL9q/CNFW1NVG8J0JN+L1OA==",
      "cpu": [
        "x64"
      ],
      "dev": true,
      "license": "MIT OR Apache-2.0",
      "optional": true,
      "os": [
        "darwin"
      ],
      "engines": {
        "node": ">=14.21.3"
      }
    },
    "node_modules/@biomejs/cli-linux-arm64": {
      "version": "1.9.2",
      "resolved": "https://registry.npmjs.org/@biomejs/cli-linux-arm64/-/cli-linux-arm64-1.9.2.tgz",
      "integrity": "sha512-T8TJuSxuBDeQCQzxZu2o3OU4eyLumTofhCxxFd3+aH2AEWVMnH7Z/c3QP1lHI5RRMBP9xIJeMORqDQ5j+gVZzw==",
      "cpu": [
        "arm64"
      ],
      "dev": true,
      "license": "MIT OR Apache-2.0",
      "optional": true,
      "os": [
        "linux"
      ],
      "engines": {
        "node": ">=14.21.3"
      }
    },
    "node_modules/@biomejs/cli-linux-arm64-musl": {
      "version": "1.9.2",
      "resolved": "https://registry.npmjs.org/@biomejs/cli-linux-arm64-musl/-/cli-linux-arm64-musl-1.9.2.tgz",
      "integrity": "sha512-ZATvbUWhNxegSALUnCKWqetTZqrK72r2RsFD19OK5jXDj/7o1hzI1KzDNG78LloZxftrwr3uI9SqCLh06shSZw==",
      "cpu": [
        "arm64"
      ],
      "dev": true,
      "license": "MIT OR Apache-2.0",
      "optional": true,
      "os": [
        "linux"
      ],
      "engines": {
        "node": ">=14.21.3"
      }
    },
    "node_modules/@biomejs/cli-linux-x64": {
      "version": "1.9.2",
      "resolved": "https://registry.npmjs.org/@biomejs/cli-linux-x64/-/cli-linux-x64-1.9.2.tgz",
      "integrity": "sha512-T0cPk3C3Jr2pVlsuQVTBqk2qPjTm8cYcTD9p/wmR9MeVqui1C/xTVfOIwd3miRODFMrJaVQ8MYSXnVIhV9jTjg==",
      "cpu": [
        "x64"
      ],
      "dev": true,
      "license": "MIT OR Apache-2.0",
      "optional": true,
      "os": [
        "linux"
      ],
      "engines": {
        "node": ">=14.21.3"
      }
    },
    "node_modules/@biomejs/cli-linux-x64-musl": {
      "version": "1.9.2",
      "resolved": "https://registry.npmjs.org/@biomejs/cli-linux-x64-musl/-/cli-linux-x64-musl-1.9.2.tgz",
      "integrity": "sha512-CjPM6jT1miV5pry9C7qv8YJk0FIZvZd86QRD3atvDgfgeh9WQU0k2Aoo0xUcPdTnoz0WNwRtDicHxwik63MmSg==",
      "cpu": [
        "x64"
      ],
      "dev": true,
      "license": "MIT OR Apache-2.0",
      "optional": true,
      "os": [
        "linux"
      ],
      "engines": {
        "node": ">=14.21.3"
      }
    },
    "node_modules/@biomejs/cli-win32-arm64": {
      "version": "1.9.2",
      "resolved": "https://registry.npmjs.org/@biomejs/cli-win32-arm64/-/cli-win32-arm64-1.9.2.tgz",
      "integrity": "sha512-2x7gSty75bNIeD23ZRPXyox6Z/V0M71ObeJtvQBhi1fgrvPdtkEuw7/0wEHg6buNCubzOFuN9WYJm6FKoUHfhg==",
      "cpu": [
        "arm64"
      ],
      "dev": true,
      "license": "MIT OR Apache-2.0",
      "optional": true,
      "os": [
        "win32"
      ],
      "engines": {
        "node": ">=14.21.3"
      }
    },
    "node_modules/@biomejs/cli-win32-x64": {
      "version": "1.9.2",
      "resolved": "https://registry.npmjs.org/@biomejs/cli-win32-x64/-/cli-win32-x64-1.9.2.tgz",
      "integrity": "sha512-JC3XvdYcjmu1FmAehVwVV0SebLpeNTnO2ZaMdGCSOdS7f8O9Fq14T2P1gTG1Q29Q8Dt1S03hh0IdVpIZykOL8g==",
      "cpu": [
        "x64"
      ],
      "dev": true,
      "license": "MIT OR Apache-2.0",
      "optional": true,
      "os": [
        "win32"
      ],
      "engines": {
        "node": ">=14.21.3"
      }
    },
    "node_modules/@noble/hashes": {
      "version": "1.5.0",
      "resolved": "https://registry.npmjs.org/@noble/hashes/-/hashes-1.5.0.tgz",
      "integrity": "sha512-1j6kQFb7QRru7eKN3ZDvRcP13rugwdxZqCjbiAVZfIJwgj2A65UmT4TgARXGlXgnRkORLTDTrO19ZErt7+QXgA==",
      "license": "MIT",
      "engines": {
        "node": "^14.21.3 || >=16"
      },
      "funding": {
        "url": "https://paulmillr.com/funding/"
      }
    },
    "node_modules/@paralleldrive/cuid2": {
      "version": "2.2.2",
      "resolved": "https://registry.npmjs.org/@paralleldrive/cuid2/-/cuid2-2.2.2.tgz",
      "integrity": "sha512-ZOBkgDwEdoYVlSeRbYYXs0S9MejQofiVYoTbKzy/6GQa39/q5tQU2IX46+shYnUkpEl3wc+J6wRlar7r2EK2xA==",
      "license": "MIT",
      "dependencies": {
        "@noble/hashes": "^1.1.5"
      }
    },
    "node_modules/zod": {
      "version": "3.23.8",
      "resolved": "https://registry.npmjs.org/zod/-/zod-3.23.8.tgz",
      "integrity": "sha512-XBx9AXhXktjUqnepgTiE5flcKIYWi/rme0Eaj+5Y0lftuGBq+jyRu/md4WnuxqgP1ubdpNCsYEYPxrzVHD8d6g==",
      "license": "MIT",
      "funding": {
        "url": "https://github.com/sponsors/colinhacks"
      }
    }
  }
}
